
Microsoft Visual Studio Solution File, Format Version 12.00
# Visual Studio Version 16
VisualStudioVersion = 16.0.30114.105
MinimumVisualStudioVersion = 10.0.40219.1
Project("{FAE04EC0-301F-11D3-BF4B-00C04F79EFBC}") = "LicaoDeCasaXamarinSe5.UWP", "LicaoDeCasaXamarinSe5\LicaoDeCasaXamarinSe5.UWP\LicaoDeCasaXamarinSe5.UWP.csproj", "{F25CA555-E533-4617-B4B2-C8EA3BC0A641}"
EndProject
Project("{FAE04EC0-301F-11D3-BF4B-00C04F79EFBC}") = "LicaoDeCasaXamarinSe5.Android", "LicaoDeCasaXamarinSe5\LicaoDeCasaXamarinSe5.Android\LicaoDeCasaXamarinSe5.Android.csproj", "{41C0FD6C-5C09-4743-AC23-4658DD74DBAA}"
EndProject
Project("{FAE04EC0-301F-11D3-BF4B-00C04F79EFBC}") = "LicaoDeCasaXamarinSe5.iOS", "LicaoDeCasaXamarinSe5\LicaoDeCasaXamarinSe5.iOS\LicaoDeCasaXamarinSe5.iOS.csproj", "{CB0DE600-6F2A-44BD-A65C-33434B1E87A0}"
EndProject
Project("{FAE04EC0-301F-11D3-BF4B-00C04F79EFBC}") = "LicaoDeCasaXamarinSe5", "LicaoDeCasaXamarinSe5\LicaoDeCasaXamarinSe5\LicaoDeCasaXamarinSe5.csproj", "{4C42B0C9-B77D-4A89-A9ED-472C55A4B9D2}"
EndProject
Global
	GlobalSection(SolutionConfigurationPlatforms) = preSolution
		Debug|Any CPU = Debug|Any CPU
		Debug|ARM = Debug|ARM
		Debug|iPhone = Debug|iPhone
		Debug|iPhoneSimulator = Debug|iPhoneSimulator
		Debug|x64 = Debug|x64
		Debug|x86 = Debug|x86
		Release|Any CPU = Release|Any CPU
		Release|ARM = Release|ARM
		Release|iPhone = Release|iPhone
		Release|iPhoneSimulator = Release|iPhoneSimulator
		Release|x64 = Release|x64
		Release|x86 = Release|x86
	EndGlobalSection
	GlobalSection(ProjectConfigurationPlatforms) = postSolution
		{F25CA555-E533-4617-B4B2-C8EA3BC0A641}.Debug|Any CPU.ActiveCfg = Debug|x86
		{F25CA555-E533-4617-B4B2-C8EA3BC0A641}.Debug|Any CPU.Build.0 = Debug|x86
		{F25CA555-E533-4617-B4B2-C8EA3BC0A641}.Debug|Any CPU.Deploy.0 = Debug|x86
		{F25CA555-E533-4617-B4B2-C8EA3BC0A641}.Debug|ARM.ActiveCfg = Debug|ARM
		{F25CA555-E533-4617-B4B2-C8EA3BC0A641}.Debug|ARM.Build.0 = Debug|ARM
		{F25CA555-E533-4617-B4B2-C8EA3BC0A641}.Debug|ARM.Deploy.0 = Debug|ARM
		{F25CA555-E533-4617-B4B2-C8EA3BC0A641}.Debug|iPhone.ActiveCfg = Debug|x86
		{F25CA555-E533-4617-B4B2-C8EA3BC0A641}.Debug|iPhone.Build.0 = Debug|x86
		{F25CA555-E533-4617-B4B2-C8EA3BC0A641}.Debug|iPhone.Deploy.0 = Debug|x86
		{F25CA555-E533-4617-B4B2-C8EA3BC0A641}.Debug|iPhoneSimulator.ActiveCfg = Debug|x86
		{F25CA555-E533-4617-B4B2-C8EA3BC0A641}.Debug|iPhoneSimulator.Build.0 = Debug|x86
		{F25CA555-E533-4617-B4B2-C8EA3BC0A641}.Debug|iPhoneSimulator.Deploy.0 = Debug|x86
		{F25CA555-E533-4617-B4B2-C8EA3BC0A641}.Debug|x64.ActiveCfg = Debug|x64
		{F25CA555-E533-4617-B4B2-C8EA3BC0A641}.Debug|x64.Build.0 = Debug|x64
		{F25CA555-E533-4617-B4B2-C8EA3BC0A641}.Debug|x64.Deploy.0 = Debug|x64
		{F25CA555-E533-4617-B4B2-C8EA3BC0A641}.Debug|x86.ActiveCfg = Debug|x86
		{F25CA555-E533-4617-B4B2-C8EA3BC0A641}.Debug|x86.Build.0 = Debug|x86
		{F25CA555-E533-4617-B4B2-C8EA3BC0A641}.Debug|x86.Deploy.0 = Debug|x86
		{F25CA555-E533-4617-B4B2-C8EA3BC0A641}.Release|Any CPU.ActiveCfg = Release|x86
		{F25CA555-E533-4617-B4B2-C8EA3BC0A641}.Release|Any CPU.Build.0 = Release|x86
		{F25CA555-E533-4617-B4B2-C8EA3BC0A641}.Release|Any CPU.Deploy.0 = Release|x86
		{F25CA555-E533-4617-B4B2-C8EA3BC0A641}.Release|ARM.ActiveCfg = Release|ARM
		{F25CA555-E533-4617-B4B2-C8EA3BC0A641}.Release|ARM.Build.0 = Release|ARM
		{F25CA555-E533-4617-B4B2-C8EA3BC0A641}.Release|ARM.Deploy.0 = Release|ARM
		{F25CA555-E533-4617-B4B2-C8EA3BC0A641}.Release|iPhone.ActiveCfg = Release|x86
		{F25CA555-E533-4617-B4B2-C8EA3BC0A641}.Release|iPhone.Build.0 = Release|x86
		{F25CA555-E533-4617-B4B2-C8EA3BC0A641}.Release|iPhone.Deploy.0 = Release|x86
		{F25CA555-E533-4617-B4B2-C8EA3BC0A641}.Release|iPhoneSimulator.ActiveCfg = Release|x86
		{F25CA555-E533-4617-B4B2-C8EA3BC0A641}.Release|iPhoneSimulator.Build.0 = Release|x86
		{F25CA555-E533-4617-B4B2-C8EA3BC0A641}.Release|iPhoneSimulator.Deploy.0 = Release|x86
		{F25CA555-E533-4617-B4B2-C8EA3BC0A641}.Release|x64.ActiveCfg = Release|x64
		{F25CA555-E533-4617-B4B2-C8EA3BC0A641}.Release|x64.Build.0 = Release|x64
		{F25CA555-E533-4617-B4B2-C8EA3BC0A641}.Release|x64.Deploy.0 = Release|x64
		{F25CA555-E533-4617-B4B2-C8EA3BC0A641}.Release|x86.ActiveCfg = Release|x86
		{F25CA555-E533-4617-B4B2-C8EA3BC0A641}.Release|x86.Build.0 = Release|x86
		{F25CA555-E533-4617-B4B2-C8EA3BC0A641}.Release|x86.Deploy.0 = Release|x86
		{41C0FD6C-5C09-4743-AC23-4658DD74DBAA}.Debug|Any CPU.ActiveCfg = Debug|Any CPU
		{41C0FD6C-5C09-4743-AC23-4658DD74DBAA}.Debug|Any CPU.Build.0 = Debug|Any CPU
		{41C0FD6C-5C09-4743-AC23-4658DD74DBAA}.Debug|Any CPU.Deploy.0 = Debug|Any CPU
		{41C0FD6C-5C09-4743-AC23-4658DD74DBAA}.Debug|ARM.ActiveCfg = Debug|Any CPU
		{41C0FD6C-5C09-4743-AC23-4658DD74DBAA}.Debug|ARM.Build.0 = Debug|Any CPU
		{41C0FD6C-5C09-4743-AC23-4658DD74DBAA}.Debug|ARM.Deploy.0 = Debug|Any CPU
		{41C0FD6C-5C09-4743-AC23-4658DD74DBAA}.Debug|iPhone.ActiveCfg = Debug|Any CPU
		{41C0FD6C-5C09-4743-AC23-4658DD74DBAA}.Debug|iPhone.Build.0 = Debug|Any CPU
		{41C0FD6C-5C09-4743-AC23-4658DD74DBAA}.Debug|iPhone.Deploy.0 = Debug|Any CPU
		{41C0FD6C-5C09-4743-AC23-4658DD74DBAA}.Debug|iPhoneSimulator.ActiveCfg = Debug|Any CPU
		{41C0FD6C-5C09-4743-AC23-4658DD74DBAA}.Debug|iPhoneSimulator.Build.0 = Debug|Any CPU
		{41C0FD6C-5C09-4743-AC23-4658DD74DBAA}.Debug|iPhoneSimulator.Deploy.0 = Debug|Any CPU
		{41C0FD6C-5C09-4743-AC23-4658DD74DBAA}.Debug|x64.ActiveCfg = Debug|Any CPU
		{41C0FD6C-5C09-4743-AC23-4658DD74DBAA}.Debug|x64.Build.0 = Debug|Any CPU
		{41C0FD6C-5C09-4743-AC23-4658DD74DBAA}.Debug|x64.Deploy.0 = Debug|Any CPU
		{41C0FD6C-5C09-4743-AC23-4658DD74DBAA}.Debug|x86.ActiveCfg = Debug|Any CPU
		{41C0FD6C-5C09-4743-AC23-4658DD74DBAA}.Debug|x86.Build.0 = Debug|Any CPU
		{41C0FD6C-5C09-4743-AC23-4658DD74DBAA}.Debug|x86.Deploy.0 = Debug|Any CPU
		{41C0FD6C-5C09-4743-AC23-4658DD74DBAA}.Release|Any CPU.ActiveCfg = Release|Any CPU
		{41C0FD6C-5C09-4743-AC23-4658DD74DBAA}.Release|Any CPU.Build.0 = Release|Any CPU
		{41C0FD6C-5C09-4743-AC23-4658DD74DBAA}.Release|Any CPU.Deploy.0 = Release|Any CPU
		{41C0FD6C-5C09-4743-AC23-4658DD74DBAA}.Release|ARM.ActiveCfg = Release|Any CPU
		{41C0FD6C-5C09-4743-AC23-4658DD74DBAA}.Release|ARM.Build.0 = Release|Any CPU
		{41C0FD6C-5C09-4743-AC23-4658DD74DBAA}.Release|ARM.Deploy.0 = Release|Any CPU
		{41C0FD6C-5C09-4743-AC23-4658DD74DBAA}.Release|iPhone.ActiveCfg = Release|Any CPU
		{41C0FD6C-5C09-4743-AC23-4658DD74DBAA}.Release|iPhone.Build.0 = Release|Any CPU
		{41C0FD6C-5C09-4743-AC23-4658DD74DBAA}.Release|iPhone.Deploy.0 = Release|Any CPU
		{41C0FD6C-5C09-4743-AC23-4658DD74DBAA}.Release|iPhoneSimulator.ActiveCfg = Release|Any CPU
		{41C0FD6C-5C09-4743-AC23-4658DD74DBAA}.Release|iPhoneSimulator.Build.0 = Release|Any CPU
		{41C0FD6C-5C09-4743-AC23-4658DD74DBAA}.Release|iPhoneSimulator.Deploy.0 = Release|Any CPU
		{41C0FD6C-5C09-4743-AC23-4658DD74DBAA}.Release|x64.ActiveCfg = Release|Any CPU
		{41C0FD6C-5C09-4743-AC23-4658DD74DBAA}.Release|x64.Build.0 = Release|Any CPU
		{41C0FD6C-5C09-4743-AC23-4658DD74DBAA}.Release|x64.Deploy.0 = Release|Any CPU
		{41C0FD6C-5C09-4743-AC23-4658DD74DBAA}.Release|x86.ActiveCfg = Release|Any CPU
		{41C0FD6C-5C09-4743-AC23-4658DD74DBAA}.Release|x86.Build.0 = Release|Any CPU
		{41C0FD6C-5C09-4743-AC23-4658DD74DBAA}.Release|x86.Deploy.0 = Release|Any CPU
		{CB0DE600-6F2A-44BD-A65C-33434B1E87A0}.Debug|Any CPU.ActiveCfg = Debug|iPhone
		{CB0DE600-6F2A-44BD-A65C-33434B1E87A0}.Debug|Any CPU.Build.0 = Debug|iPhone
		{CB0DE600-6F2A-44BD-A65C-33434B1E87A0}.Debug|Any CPU.Deploy.0 = Debug|iPhone
		{CB0DE600-6F2A-44BD-A65C-33434B1E87A0}.Debug|ARM.ActiveCfg = Debug|iPhone
		{CB0DE600-6F2A-44BD-A65C-33434B1E87A0}.Debug|ARM.Build.0 = Debug|iPhone
		{CB0DE600-6F2A-44BD-A65C-33434B1E87A0}.Debug|ARM.Deploy.0 = Debug|iPhone
		{CB0DE600-6F2A-44BD-A65C-33434B1E87A0}.Debug|iPhone.ActiveCfg = Debug|iPhone
		{CB0DE600-6F2A-44BD-A65C-33434B1E87A0}.Debug|iPhone.Build.0 = Debug|iPhone
		{CB0DE600-6F2A-44BD-A65C-33434B1E87A0}.Debug|iPhone.Deploy.0 = Debug|iPhone
		{CB0DE600-6F2A-44BD-A65C-33434B1E87A0}.Debug|iPhoneSimulator.ActiveCfg = Debug|iPhoneSimulator
		{CB0DE600-6F2A-44BD-A65C-33434B1E87A0}.Debug|iPhoneSimulator.Build.0 = Debug|iPhoneSimulator
		{CB0DE600-6F2A-44BD-A65C-33434B1E87A0}.Debug|iPhoneSimulator.Deploy.0 = Debug|iPhoneSimulator
		{CB0DE600-6F2A-44BD-A65C-33434B1E87A0}.Debug|x64.ActiveCfg = Debug|iPhone
		{CB0DE600-6F2A-44BD-A65C-33434B1E87A0}.Debug|x64.Build.0 = Debug|iPhone
		{CB0DE600-6F2A-44BD-A65C-33434B1E87A0}.Debug|x64.Deploy.0 = Debug|iPhone
		{CB0DE600-6F2A-44BD-A65C-33434B1E87A0}.Debug|x86.ActiveCfg = Debug|iPhone
		{CB0DE600-6F2A-44BD-A65C-33434B1E87A0}.Debug|x86.Build.0 = Debug|iPhone
		{CB0DE600-6F2A-44BD-A65C-33434B1E87A0}.Debug|x86.Deploy.0 = Debug|iPhone
		{CB0DE600-6F2A-44BD-A65C-33434B1E87A0}.Release|Any CPU.ActiveCfg = Release|iPhone
		{CB0DE600-6F2A-44BD-A65C-33434B1E87A0}.Release|Any CPU.Build.0 = Release|iPhone
		{CB0DE600-6F2A-44BD-A65C-33434B1E87A0}.Release|Any CPU.Deploy.0 = Release|iPhone
		{CB0DE600-6F2A-44BD-A65C-33434B1E87A0}.Release|ARM.ActiveCfg = Release|iPhone
		{CB0DE600-6F2A-44BD-A65C-33434B1E87A0}.Release|ARM.Build.0 = Release|iPhone
		{CB0DE600-6F2A-44BD-A65C-33434B1E87A0}.Release|ARM.Deploy.0 = Release|iPhone
		{CB0DE600-6F2A-44BD-A65C-33434B1E87A0}.Release|iPhone.ActiveCfg = Release|iPhone
		{CB0DE600-6F2A-44BD-A65C-33434B1E87A0}.Release|iPhone.Build.0 = Release|iPhone
		{CB0DE600-6F2A-44BD-A65C-33434B1E87A0}.Release|iPhone.Deploy.0 = Release|iPhone
		{CB0DE600-6F2A-44BD-A65C-33434B1E87A0}.Release|iPhoneSimulator.ActiveCfg = Release|iPhoneSimulator
		{CB0DE600-6F2A-44BD-A65C-33434B1E87A0}.Release|iPhoneSimulator.Build.0 = Release|iPhoneSimulator
		{CB0DE600-6F2A-44BD-A65C-33434B1E87A0}.Release|iPhoneSimulator.Deploy.0 = Release|iPhoneSimulator
		{CB0DE600-6F2A-44BD-A65C-33434B1E87A0}.Release|x64.ActiveCfg = Release|iPhone
		{CB0DE600-6F2A-44BD-A65C-33434B1E87A0}.Release|x64.Build.0 = Release|iPhone
		{CB0DE600-6F2A-44BD-A65C-33434B1E87A0}.Release|x64.Deploy.0 = Release|iPhone
		{CB0DE600-6F2A-44BD-A65C-33434B1E87A0}.Release|x86.ActiveCfg = Release|iPhone
		{CB0DE600-6F2A-44BD-A65C-33434B1E87A0}.Release|x86.Build.0 = Release|iPhone
		{CB0DE600-6F2A-44BD-A65C-33434B1E87A0}.Release|x86.Deploy.0 = Release|iPhone
		{4C42B0C9-B77D-4A89-A9ED-472C55A4B9D2}.Debug|Any CPU.ActiveCfg = Debug|Any CPU
		{4C42B0C9-B77D-4A89-A9ED-472C55A4B9D2}.Debug|Any CPU.Build.0 = Debug|Any CPU
		{4C42B0C9-B77D-4A89-A9ED-472C55A4B9D2}.Debug|Any CPU.Deploy.0 = Debug|Any CPU
		{4C42B0C9-B77D-4A89-A9ED-472C55A4B9D2}.Debug|ARM.ActiveCfg = Debug|Any CPU
		{4C42B0C9-B77D-4A89-A9ED-472C55A4B9D2}.Debug|ARM.Build.0 = Debug|Any CPU
		{4C42B0C9-B77D-4A89-A9ED-472C55A4B9D2}.Debug|ARM.Deploy.0 = Debug|Any CPU
		{4C42B0C9-B77D-4A89-A9ED-472C55A4B9D2}.Debug|iPhone.ActiveCfg = Debug|Any CPU
		{4C42B0C9-B77D-4A89-A9ED-472C55A4B9D2}.Debug|iPhone.Build.0 = Debug|Any CPU
		{4C42B0C9-B77D-4A89-A9ED-472C55A4B9D2}.Debug|iPhone.Deploy.0 = Debug|Any CPU
		{4C42B0C9-B77D-4A89-A9ED-472C55A4B9D2}.Debug|iPhoneSimulator.ActiveCfg = Debug|Any CPU
		{4C42B0C9-B77D-4A89-A9ED-472C55A4B9D2}.Debug|iPhoneSimulator.Build.0 = Debug|Any CPU
		{4C42B0C9-B77D-4A89-A9ED-472C55A4B9D2}.Debug|iPhoneSimulator.Deploy.0 = Debug|Any CPU
		{4C42B0C9-B77D-4A89-A9ED-472C55A4B9D2}.Debug|x64.ActiveCfg = Debug|Any CPU
		{4C42B0C9-B77D-4A89-A9ED-472C55A4B9D2}.Debug|x64.Build.0 = Debug|Any CPU
		{4C42B0C9-B77D-4A89-A9ED-472C55A4B9D2}.Debug|x64.Deploy.0 = Debug|Any CPU
		{4C42B0C9-B77D-4A89-A9ED-472C55A4B9D2}.Debug|x86.ActiveCfg = Debug|Any CPU
		{4C42B0C9-B77D-4A89-A9ED-472C55A4B9D2}.Debug|x86.Build.0 = Debug|Any CPU
		{4C42B0C9-B77D-4A89-A9ED-472C55A4B9D2}.Debug|x86.Deploy.0 = Debug|Any CPU
		{4C42B0C9-B77D-4A89-A9ED-472C55A4B9D2}.Release|Any CPU.ActiveCfg = Release|Any CPU
		{4C42B0C9-B77D-4A89-A9ED-472C55A4B9D2}.Release|Any CPU.Build.0 = Release|Any CPU
		{4C42B0C9-B77D-4A89-A9ED-472C55A4B9D2}.Release|Any CPU.Deploy.0 = Release|Any CPU
		{4C42B0C9-B77D-4A89-A9ED-472C55A4B9D2}.Release|ARM.ActiveCfg = Release|Any CPU
		{4C42B0C9-B77D-4A89-A9ED-472C55A4B9D2}.Release|ARM.Build.0 = Release|Any CPU
		{4C42B0C9-B77D-4A89-A9ED-472C55A4B9D2}.Release|ARM.Deploy.0 = Release|Any CPU
		{4C42B0C9-B77D-4A89-A9ED-472C55A4B9D2}.Release|iPhone.ActiveCfg = Release|Any CPU
		{4C42B0C9-B77D-4A89-A9ED-472C55A4B9D2}.Release|iPhone.Build.0 = Release|Any CPU
		{4C42B0C9-B77D-4A89-A9ED-472C55A4B9D2}.Release|iPhone.Deploy.0 = Release|Any CPU
		{4C42B0C9-B77D-4A89-A9ED-472C55A4B9D2}.Release|iPhoneSimulator.ActiveCfg = Release|Any CPU
		{4C42B0C9-B77D-4A89-A9ED-472C55A4B9D2}.Release|iPhoneSimulator.Build.0 = Release|Any CPU
		{4C42B0C9-B77D-4A89-A9ED-472C55A4B9D2}.Release|iPhoneSimulator.Deploy.0 = Release|Any CPU
		{4C42B0C9-B77D-4A89-A9ED-472C55A4B9D2}.Release|x64.ActiveCfg = Release|Any CPU
		{4C42B0C9-B77D-4A89-A9ED-472C55A4B9D2}.Release|x64.Build.0 = Release|Any CPU
		{4C42B0C9-B77D-4A89-A9ED-472C55A4B9D2}.Release|x64.Deploy.0 = Release|Any CPU
		{4C42B0C9-B77D-4A89-A9ED-472C55A4B9D2}.Release|x86.ActiveCfg = Release|Any CPU
		{4C42B0C9-B77D-4A89-A9ED-472C55A4B9D2}.Release|x86.Build.0 = Release|Any CPU
		{4C42B0C9-B77D-4A89-A9ED-472C55A4B9D2}.Release|x86.Deploy.0 = Release|Any CPU
	EndGlobalSection
	GlobalSection(SolutionProperties) = preSolution
		HideSolutionNode = FALSE
	EndGlobalSection
	GlobalSection(ExtensibilityGlobals) = postSolution
		SolutionGuid = {47904E52-536D-4348-BBD1-8C3D75B14C87}
	EndGlobalSection
EndGlobal
